
Microsoft Visual Studio Solution File, Format Version 12.00
# Visual Studio Version 16
VisualStudioVersion = 16.0.31624.102
MinimumVisualStudioVersion = 10.0.40219.1
Project("{FAE04EC0-301F-11D3-BF4B-00C04F79EFBC}") = "QuizPRG282", "QuizPRG282\QuizPRG282.csproj", "{BD55E328-EC9E-4D3E-9948-C5E35E5F89FC}"
EndProject
Global
	GlobalSection(SolutionConfigurationPlatforms) = preSolution
		Debug|Any CPU = Debug|Any CPU
		Release|Any CPU = Release|Any CPU
	EndGlobalSection
	GlobalSection(ProjectConfigurationPlatforms) = postSolution
		{BD55E328-EC9E-4D3E-9948-C5E35E5F89FC}.Debug|Any CPU.ActiveCfg = Debug|Any CPU
		{BD55E328-EC9E-4D3E-9948-C5E35E5F89FC}.Debug|Any CPU.Build.0 = Debug|Any CPU
		{BD55E328-EC9E-4D3E-9948-C5E35E5F89FC}.Release|Any CPU.ActiveCfg = Release|Any CPU
		{BD55E328-EC9E-4D3E-9948-C5E35E5F89FC}.Release|Any CPU.Build.0 = Release|Any CPU
	EndGlobalSection
	GlobalSection(SolutionProperties) = preSolution
		HideSolutionNode = FALSE
	EndGlobalSection
	GlobalSection(ExtensibilityGlobals) = postSolution
		SolutionGuid = {02F4091A-DDB4-4300-A13A-D26054AD416F}
	EndGlobalSection
EndGlobal
